
Microsoft Visual Studio Solution File, Format Version 12.00
# Visual Studio 2013
VisualStudioVersion = 12.0.31101.0
MinimumVisualStudioVersion = 10.0.40219.1
Project("{FAE04EC0-301F-11D3-BF4B-00C04F79EFBC}") = "recaptchav2", "recaptchav2\recaptchav2.csproj", "{89B71ADF-8BDA-48A9-B249-B4C3DC59A4C9}"
EndProject
Project("{E24C65DC-7377-472B-9ABA-BC803B73C61A}") = "recaptchav2.test", "http://localhost:59962", "{94578326-C9E3-4801-BCF3-59F0657FB864}"
	ProjectSection(WebsiteProperties) = preProject
		UseIISExpress = "true"
		TargetFrameworkMoniker = ".NETFramework,Version%3Dv4.5"
		ProjectReferences = "{89b71adf-8bda-48a9-b249-b4c3dc59a4c9}|recaptchav2.dll;"
		Debug.AspNetCompiler.VirtualPath = "/localhost_59983"
		Debug.AspNetCompiler.PhysicalPath = "recaptchav2.test\"
		Debug.AspNetCompiler.TargetPath = "PrecompiledWeb\localhost_59983\"
		Debug.AspNetCompiler.Updateable = "true"
		Debug.AspNetCompiler.ForceOverwrite = "true"
		Debug.AspNetCompiler.FixedNames = "false"
		Debug.AspNetCompiler.Debug = "True"
		Release.AspNetCompiler.VirtualPath = "/localhost_59983"
		Release.AspNetCompiler.PhysicalPath = "recaptchav2.test\"
		Release.AspNetCompiler.TargetPath = "PrecompiledWeb\localhost_59983\"
		Release.AspNetCompiler.Updateable = "true"
		Release.AspNetCompiler.ForceOverwrite = "true"
		Release.AspNetCompiler.FixedNames = "false"
		Release.AspNetCompiler.Debug = "False"
		SlnRelativePath = "recaptchav2.test\"
		DefaultWebSiteLanguage = "Visual C#"
	EndProjectSection
EndProject
Global
	GlobalSection(SolutionConfigurationPlatforms) = preSolution
		Debug|Any CPU = Debug|Any CPU
		Release|Any CPU = Release|Any CPU
	EndGlobalSection
	GlobalSection(ProjectConfigurationPlatforms) = postSolution
		{89B71ADF-8BDA-48A9-B249-B4C3DC59A4C9}.Debug|Any CPU.ActiveCfg = Debug|Any CPU
		{89B71ADF-8BDA-48A9-B249-B4C3DC59A4C9}.Debug|Any CPU.Build.0 = Debug|Any CPU
		{89B71ADF-8BDA-48A9-B249-B4C3DC59A4C9}.Release|Any CPU.ActiveCfg = Release|Any CPU
		{89B71ADF-8BDA-48A9-B249-B4C3DC59A4C9}.Release|Any CPU.Build.0 = Release|Any CPU
		{94578326-C9E3-4801-BCF3-59F0657FB864}.Debug|Any CPU.ActiveCfg = Debug|Any CPU
		{94578326-C9E3-4801-BCF3-59F0657FB864}.Debug|Any CPU.Build.0 = Debug|Any CPU
		{94578326-C9E3-4801-BCF3-59F0657FB864}.Release|Any CPU.ActiveCfg = Debug|Any CPU
		{94578326-C9E3-4801-BCF3-59F0657FB864}.Release|Any CPU.Build.0 = Debug|Any CPU
	EndGlobalSection
	GlobalSection(SolutionProperties) = preSolution
		HideSolutionNode = FALSE
	EndGlobalSection
EndGlobal
